
Microsoft Visual Studio Solution File, Format Version 12.00
# Visual Studio Version 17
VisualStudioVersion = 17.5.33516.290
MinimumVisualStudioVersion = 10.0.40219.1
Project("{FAE04EC0-301F-11D3-BF4B-00C04F79EFBC}") = "AvaloniaSamples", "AvaloniaSamples\AvaloniaSamples\AvaloniaSamples.csproj", "{4FB113F2-BEF8-4EB7-8D93-13A910113ABE}"
EndProject
Project("{FAE04EC0-301F-11D3-BF4B-00C04F79EFBC}") = "AvaloniaSamples.Android", "AvaloniaSamples\AvaloniaSamples.Android\AvaloniaSamples.Android.csproj", "{D5E951FB-5C59-4DF0-B71D-D459941F6649}"
EndProject
Project("{FAE04EC0-301F-11D3-BF4B-00C04F79EFBC}") = "AvaloniaSamples.Desktop", "AvaloniaSamples\AvaloniaSamples.Desktop\AvaloniaSamples.Desktop.csproj", "{2AEE83CA-1E7B-4A89-B0DE-F13E95678194}"
EndProject
Project("{FAE04EC0-301F-11D3-BF4B-00C04F79EFBC}") = "AvaloniaSamples.iOS", "AvaloniaSamples\AvaloniaSamples.iOS\AvaloniaSamples.iOS.csproj", "{4624D46F-F8FA-4A9E-B929-112F6C994677}"
EndProject
Project("{FAE04EC0-301F-11D3-BF4B-00C04F79EFBC}") = "AvaloniaSamples.Web", "AvaloniaSamples\AvaloniaSamples.Web\AvaloniaSamples.Web.csproj", "{792B8917-680A-41E4-BCB0-9F7439ECDBB3}"
EndProject
Global
	GlobalSection(SolutionConfigurationPlatforms) = preSolution
		Debug|Any CPU = Debug|Any CPU
		Release|Any CPU = Release|Any CPU
	EndGlobalSection
	GlobalSection(ProjectConfigurationPlatforms) = postSolution
		{4FB113F2-BEF8-4EB7-8D93-13A910113ABE}.Debug|Any CPU.ActiveCfg = Debug|Any CPU
		{4FB113F2-BEF8-4EB7-8D93-13A910113ABE}.Debug|Any CPU.Build.0 = Debug|Any CPU
		{4FB113F2-BEF8-4EB7-8D93-13A910113ABE}.Release|Any CPU.ActiveCfg = Release|Any CPU
		{4FB113F2-BEF8-4EB7-8D93-13A910113ABE}.Release|Any CPU.Build.0 = Release|Any CPU
		{D5E951FB-5C59-4DF0-B71D-D459941F6649}.Debug|Any CPU.ActiveCfg = Debug|Any CPU
		{D5E951FB-5C59-4DF0-B71D-D459941F6649}.Debug|Any CPU.Build.0 = Debug|Any CPU
		{D5E951FB-5C59-4DF0-B71D-D459941F6649}.Debug|Any CPU.Deploy.0 = Debug|Any CPU
		{D5E951FB-5C59-4DF0-B71D-D459941F6649}.Release|Any CPU.ActiveCfg = Release|Any CPU
		{D5E951FB-5C59-4DF0-B71D-D459941F6649}.Release|Any CPU.Build.0 = Release|Any CPU
		{D5E951FB-5C59-4DF0-B71D-D459941F6649}.Release|Any CPU.Deploy.0 = Release|Any CPU
		{2AEE83CA-1E7B-4A89-B0DE-F13E95678194}.Debug|Any CPU.ActiveCfg = Debug|Any CPU
		{2AEE83CA-1E7B-4A89-B0DE-F13E95678194}.Debug|Any CPU.Build.0 = Debug|Any CPU
		{2AEE83CA-1E7B-4A89-B0DE-F13E95678194}.Release|Any CPU.ActiveCfg = Release|Any CPU
		{2AEE83CA-1E7B-4A89-B0DE-F13E95678194}.Release|Any CPU.Build.0 = Release|Any CPU
		{4624D46F-F8FA-4A9E-B929-112F6C994677}.Debug|Any CPU.ActiveCfg = Debug|Any CPU
		{4624D46F-F8FA-4A9E-B929-112F6C994677}.Debug|Any CPU.Build.0 = Debug|Any CPU
		{4624D46F-F8FA-4A9E-B929-112F6C994677}.Debug|Any CPU.Deploy.0 = Debug|Any CPU
		{4624D46F-F8FA-4A9E-B929-112F6C994677}.Release|Any CPU.ActiveCfg = Release|Any CPU
		{4624D46F-F8FA-4A9E-B929-112F6C994677}.Release|Any CPU.Build.0 = Release|Any CPU
		{4624D46F-F8FA-4A9E-B929-112F6C994677}.Release|Any CPU.Deploy.0 = Release|Any CPU
		{792B8917-680A-41E4-BCB0-9F7439ECDBB3}.Debug|Any CPU.ActiveCfg = Debug|Any CPU
		{792B8917-680A-41E4-BCB0-9F7439ECDBB3}.Debug|Any CPU.Build.0 = Debug|Any CPU
		{792B8917-680A-41E4-BCB0-9F7439ECDBB3}.Release|Any CPU.ActiveCfg = Release|Any CPU
		{792B8917-680A-41E4-BCB0-9F7439ECDBB3}.Release|Any CPU.Build.0 = Release|Any CPU
	EndGlobalSection
	GlobalSection(SolutionProperties) = preSolution
		HideSolutionNode = FALSE
	EndGlobalSection
	GlobalSection(ExtensibilityGlobals) = postSolution
		SolutionGuid = {CDB171D7-8400-4278-8389-676EDCE8C49A}
	EndGlobalSection
EndGlobal
